// !$*UTF8*$!
{
	archiveVersion = 1;
	classes = {
	};
	objectVersion = 56;
	objects = {

/* Begin PBXBuildFile section */
		E31697A82B8E1C8800739F90 /* Extensions.swift in Sources */ = {isa = PBXBuildFile; fileRef = E31697A72B8E1C8800739F90 /* Extensions.swift */; };
		E31697AA2B9137D000739F90 /* Launch Screen.storyboard in Resources */ = {isa = PBXBuildFile; fileRef = E31697A92B9137D000739F90 /* Launch Screen.storyboard */; };
		E3359F632B82814100AD5987 /* TodoAppApp.swift in Sources */ = {isa = PBXBuildFile; fileRef = E3359F622B82814100AD5987 /* TodoAppApp.swift */; };
		E3359F652B82814100AD5987 /* MainView.swift in Sources */ = {isa = PBXBuildFile; fileRef = E3359F642B82814100AD5987 /* MainView.swift */; };
		E3359F672B82814100AD5987 /* Assets.xcassets in Resources */ = {isa = PBXBuildFile; fileRef = E3359F662B82814100AD5987 /* Assets.xcassets */; };
		E3359F6A2B82814100AD5987 /* Preview Assets.xcassets in Resources */ = {isa = PBXBuildFile; fileRef = E3359F692B82814100AD5987 /* Preview Assets.xcassets */; };
		E3359F742B82814200AD5987 /* TodoAppTests.swift in Sources */ = {isa = PBXBuildFile; fileRef = E3359F732B82814200AD5987 /* TodoAppTests.swift */; };
		E3359F7E2B82814200AD5987 /* TodoAppUITests.swift in Sources */ = {isa = PBXBuildFile; fileRef = E3359F7D2B82814200AD5987 /* TodoAppUITests.swift */; };
		E3359F802B82814200AD5987 /* TodoAppUITestsLaunchTests.swift in Sources */ = {isa = PBXBuildFile; fileRef = E3359F7F2B82814200AD5987 /* TodoAppUITestsLaunchTests.swift */; };
		E3359F8E2B82832000AD5987 /* FirebaseAuth in Frameworks */ = {isa = PBXBuildFile; productRef = E3359F8D2B82832000AD5987 /* FirebaseAuth */; };
		E3359F902B82832000AD5987 /* FirebaseFirestore in Frameworks */ = {isa = PBXBuildFile; productRef = E3359F8F2B82832000AD5987 /* FirebaseFirestore */; };
		E3359F922B82832000AD5987 /* FirebaseFirestoreSwift in Frameworks */ = {isa = PBXBuildFile; productRef = E3359F912B82832000AD5987 /* FirebaseFirestoreSwift */; };
		E3359F942B82832000AD5987 /* FirebaseStorage in Frameworks */ = {isa = PBXBuildFile; productRef = E3359F932B82832000AD5987 /* FirebaseStorage */; };
		E3359F962B82848E00AD5987 /* GoogleService-Info.plist in Resources */ = {isa = PBXBuildFile; fileRef = E3359F952B82848E00AD5987 /* GoogleService-Info.plist */; };
		E3359F9C2B828B3800AD5987 /* ProfileView.swift in Sources */ = {isa = PBXBuildFile; fileRef = E3359F9B2B828B3800AD5987 /* ProfileView.swift */; };
		E3359F9E2B828B4700AD5987 /* RegisterView.swift in Sources */ = {isa = PBXBuildFile; fileRef = E3359F9D2B828B4700AD5987 /* RegisterView.swift */; };
		E3359FA02B828B5700AD5987 /* LoginView.swift in Sources */ = {isa = PBXBuildFile; fileRef = E3359F9F2B828B5700AD5987 /* LoginView.swift */; };
		E3359FA22B828B6F00AD5987 /* ToDoListView.swift in Sources */ = {isa = PBXBuildFile; fileRef = E3359FA12B828B6F00AD5987 /* ToDoListView.swift */; };
		E3359FA42B828B8800AD5987 /* ToDoListItemView.swift in Sources */ = {isa = PBXBuildFile; fileRef = E3359FA32B828B8800AD5987 /* ToDoListItemView.swift */; };
		E3359FA62B828BA000AD5987 /* NewItemView.swift in Sources */ = {isa = PBXBuildFile; fileRef = E3359FA52B828BA000AD5987 /* NewItemView.swift */; };
		E3359FA82B828C8400AD5987 /* User.swift in Sources */ = {isa = PBXBuildFile; fileRef = E3359FA72B828C8400AD5987 /* User.swift */; };
		E3359FAA2B828C9700AD5987 /* ToDoListItem.swift in Sources */ = {isa = PBXBuildFile; fileRef = E3359FA92B828C9700AD5987 /* ToDoListItem.swift */; };
		E3359FAC2B828CF900AD5987 /* MainViewViewModal.swift in Sources */ = {isa = PBXBuildFile; fileRef = E3359FAB2B828CF900AD5987 /* MainViewViewModal.swift */; };
		E3359FAE2B828D0700AD5987 /* ProfileViewViewModal.swift in Sources */ = {isa = PBXBuildFile; fileRef = E3359FAD2B828D0700AD5987 /* ProfileViewViewModal.swift */; };
		E3359FB02B828D1B00AD5987 /* RegisterViewViewModal.swift in Sources */ = {isa = PBXBuildFile; fileRef = E3359FAF2B828D1B00AD5987 /* RegisterViewViewModal.swift */; };
		E3359FB22B828D2A00AD5987 /* LoginViewViewModal.swift in Sources */ = {isa = PBXBuildFile; fileRef = E3359FB12B828D2A00AD5987 /* LoginViewViewModal.swift */; };
		E3359FB42B828D4900AD5987 /* ToDoListViewViewModal.swift in Sources */ = {isa = PBXBuildFile; fileRef = E3359FB32B828D4900AD5987 /* ToDoListViewViewModal.swift */; };
		E3359FB62B828D6600AD5987 /* ToDoListItemViewViewModal.swift in Sources */ = {isa = PBXBuildFile; fileRef = E3359FB52B828D6600AD5987 /* ToDoListItemViewViewModal.swift */; };
		E3359FB82B828D7B00AD5987 /* NewItemViewViewModal.swift in Sources */ = {isa = PBXBuildFile; fileRef = E3359FB72B828D7B00AD5987 /* NewItemViewViewModal.swift */; };
		E3359FBA2B82A8F900AD5987 /* HeaderView.swift in Sources */ = {isa = PBXBuildFile; fileRef = E3359FB92B82A8F900AD5987 /* HeaderView.swift */; };
		E3359FBC2B8DF3E700AD5987 /* TLButton.swift in Sources */ = {isa = PBXBuildFile; fileRef = E3359FBB2B8DF3E700AD5987 /* TLButton.swift */; };
/* End PBXBuildFile section */

/* Begin PBXContainerItemProxy section */
		E3359F702B82814200AD5987 /* PBXContainerItemProxy */ = {
			isa = PBXContainerItemProxy;
			containerPortal = E3359F572B82814100AD5987 /* Project object */;
			proxyType = 1;
			remoteGlobalIDString = E3359F5E2B82814100AD5987;
			remoteInfo = TodoApp;
		};
		E3359F7A2B82814200AD5987 /* PBXContainerItemProxy */ = {
			isa = PBXContainerItemProxy;
			containerPortal = E3359F572B82814100AD5987 /* Project object */;
			proxyType = 1;
			remoteGlobalIDString = E3359F5E2B82814100AD5987;
			remoteInfo = TodoApp;
		};
/* End PBXContainerItemProxy section */

/* Begin PBXFileReference section */
		E31697A72B8E1C8800739F90 /* Extensions.swift */ = {isa = PBXFileReference; lastKnownFileType = sourcecode.swift; path = Extensions.swift; sourceTree = "<group>"; };
		E31697A92B9137D000739F90 /* Launch Screen.storyboard */ = {isa = PBXFileReference; lastKnownFileType = file.storyboard; path = "Launch Screen.storyboard"; sourceTree = "<group>"; };
		E3359F5F2B82814100AD5987 /* TodoApp.app */ = {isa = PBXFileReference; explicitFileType = wrapper.application; includeInIndex = 0; path = TodoApp.app; sourceTree = BUILT_PRODUCTS_DIR; };
		E3359F622B82814100AD5987 /* TodoAppApp.swift */ = {isa = PBXFileReference; lastKnownFileType = sourcecode.swift; path = TodoAppApp.swift; sourceTree = "<group>"; };
		E3359F642B82814100AD5987 /* MainView.swift */ = {isa = PBXFileReference; lastKnownFileType = sourcecode.swift; path = MainView.swift; sourceTree = "<group>"; };
		E3359F662B82814100AD5987 /* Assets.xcassets */ = {isa = PBXFileReference; lastKnownFileType = folder.assetcatalog; path = Assets.xcassets; sourceTree = "<group>"; };
		E3359F692B82814100AD5987 /* Preview Assets.xcassets */ = {isa = PBXFileReference; lastKnownFileType = folder.assetcatalog; path = "Preview Assets.xcassets"; sourceTree = "<group>"; };
		E3359F6F2B82814200AD5987 /* TodoAppTests.xctest */ = {isa = PBXFileReference; explicitFileType = wrapper.cfbundle; includeInIndex = 0; path = TodoAppTests.xctest; sourceTree = BUILT_PRODUCTS_DIR; };
		E3359F732B82814200AD5987 /* TodoAppTests.swift */ = {isa = PBXFileReference; lastKnownFileType = sourcecode.swift; path = TodoAppTests.swift; sourceTree = "<group>"; };
		E3359F792B82814200AD5987 /* TodoAppUITests.xctest */ = {isa = PBXFileReference; explicitFileType = wrapper.cfbundle; includeInIndex = 0; path = TodoAppUITests.xctest; sourceTree = BUILT_PRODUCTS_DIR; };
		E3359F7D2B82814200AD5987 /* TodoAppUITests.swift */ = {isa = PBXFileReference; lastKnownFileType = sourcecode.swift; path = TodoAppUITests.swift; sourceTree = "<group>"; };
		E3359F7F2B82814200AD5987 /* TodoAppUITestsLaunchTests.swift */ = {isa = PBXFileReference; lastKnownFileType = sourcecode.swift; path = TodoAppUITestsLaunchTests.swift; sourceTree = "<group>"; };
		E3359F952B82848E00AD5987 /* GoogleService-Info.plist */ = {isa = PBXFileReference; fileEncoding = 4; lastKnownFileType = text.plist.xml; path = "GoogleService-Info.plist"; sourceTree = "<group>"; };
		E3359F9B2B828B3800AD5987 /* ProfileView.swift */ = {isa = PBXFileReference; lastKnownFileType = sourcecode.swift; path = ProfileView.swift; sourceTree = "<group>"; };
		E3359F9D2B828B4700AD5987 /* RegisterView.swift */ = {isa = PBXFileReference; lastKnownFileType = sourcecode.swift; path = RegisterView.swift; sourceTree = "<group>"; };
		E3359F9F2B828B5700AD5987 /* LoginView.swift */ = {isa = PBXFileReference; lastKnownFileType = sourcecode.swift; path = LoginView.swift; sourceTree = "<group>"; };
		E3359FA12B828B6F00AD5987 /* ToDoListView.swift */ = {isa = PBXFileReference; lastKnownFileType = sourcecode.swift; path = ToDoListView.swift; sourceTree = "<group>"; };
		E3359FA32B828B8800AD5987 /* ToDoListItemView.swift */ = {isa = PBXFileReference; lastKnownFileType = sourcecode.swift; path = ToDoListItemView.swift; sourceTree = "<group>"; };
		E3359FA52B828BA000AD5987 /* NewItemView.swift */ = {isa = PBXFileReference; lastKnownFileType = sourcecode.swift; path = NewItemView.swift; sourceTree = "<group>"; };
		E3359FA72B828C8400AD5987 /* User.swift */ = {isa = PBXFileReference; lastKnownFileType = sourcecode.swift; path = User.swift; sourceTree = "<group>"; };
		E3359FA92B828C9700AD5987 /* ToDoListItem.swift */ = {isa = PBXFileReference; lastKnownFileType = sourcecode.swift; path = ToDoListItem.swift; sourceTree = "<group>"; };
		E3359FAB2B828CF900AD5987 /* MainViewViewModal.swift */ = {isa = PBXFileReference; lastKnownFileType = sourcecode.swift; path = MainViewViewModal.swift; sourceTree = "<group>"; };
		E3359FAD2B828D0700AD5987 /* ProfileViewViewModal.swift */ = {isa = PBXFileReference; lastKnownFileType = sourcecode.swift; path = ProfileViewViewModal.swift; sourceTree = "<group>"; };
		E3359FAF2B828D1B00AD5987 /* RegisterViewViewModal.swift */ = {isa = PBXFileReference; lastKnownFileType = sourcecode.swift; path = RegisterViewViewModal.swift; sourceTree = "<group>"; };
		E3359FB12B828D2A00AD5987 /* LoginViewViewModal.swift */ = {isa = PBXFileReference; lastKnownFileType = sourcecode.swift; path = LoginViewViewModal.swift; sourceTree = "<group>"; };
		E3359FB32B828D4900AD5987 /* ToDoListViewViewModal.swift */ = {isa = PBXFileReference; lastKnownFileType = sourcecode.swift; path = ToDoListViewViewModal.swift; sourceTree = "<group>"; };
		E3359FB52B828D6600AD5987 /* ToDoListItemViewViewModal.swift */ = {isa = PBXFileReference; lastKnownFileType = sourcecode.swift; path = ToDoListItemViewViewModal.swift; sourceTree = "<group>"; };
		E3359FB72B828D7B00AD5987 /* NewItemViewViewModal.swift */ = {isa = PBXFileReference; lastKnownFileType = sourcecode.swift; path = NewItemViewViewModal.swift; sourceTree = "<group>"; };
		E3359FB92B82A8F900AD5987 /* HeaderView.swift */ = {isa = PBXFileReference; lastKnownFileType = sourcecode.swift; path = HeaderView.swift; sourceTree = "<group>"; };
		E3359FBB2B8DF3E700AD5987 /* TLButton.swift */ = {isa = PBXFileReference; lastKnownFileType = sourcecode.swift; path = TLButton.swift; sourceTree = "<group>"; };
/* End PBXFileReference section */

/* Begin PBXFrameworksBuildPhase section */
		E3359F5C2B82814100AD5987 /* Frameworks */ = {
			isa = PBXFrameworksBuildPhase;
			buildActionMask = 2147483647;
			files = (
				E3359F8E2B82832000AD5987 /* FirebaseAuth in Frameworks */,
				E3359F942B82832000AD5987 /* FirebaseStorage in Frameworks */,
				E3359F902B82832000AD5987 /* FirebaseFirestore in Frameworks */,
				E3359F922B82832000AD5987 /* FirebaseFirestoreSwift in Frameworks */,
			);
			runOnlyForDeploymentPostprocessing = 0;
		};
		E3359F6C2B82814200AD5987 /* Frameworks */ = {
			isa = PBXFrameworksBuildPhase;
			buildActionMask = 2147483647;
			files = (
			);
			runOnlyForDeploymentPostprocessing = 0;
		};
		E3359F762B82814200AD5987 /* Frameworks */ = {
			isa = PBXFrameworksBuildPhase;
			buildActionMask = 2147483647;
			files = (
			);
			runOnlyForDeploymentPostprocessing = 0;
		};
/* End PBXFrameworksBuildPhase section */

/* Begin PBXGroup section */
		E3359F562B82814100AD5987 = {
			isa = PBXGroup;
			children = (
				E3359F612B82814100AD5987 /* TodoApp */,
				E3359F722B82814200AD5987 /* TodoAppTests */,
				E3359F7C2B82814200AD5987 /* TodoAppUITests */,
				E3359F602B82814100AD5987 /* Products */,
			);
			sourceTree = "<group>";
		};
		E3359F602B82814100AD5987 /* Products */ = {
			isa = PBXGroup;
			children = (
				E3359F5F2B82814100AD5987 /* TodoApp.app */,
				E3359F6F2B82814200AD5987 /* TodoAppTests.xctest */,
				E3359F792B82814200AD5987 /* TodoAppUITests.xctest */,
			);
			name = Products;
			sourceTree = "<group>";
		};
		E3359F612B82814100AD5987 /* TodoApp */ = {
			isa = PBXGroup;
			children = (
				E3359F9A2B82870600AD5987 /* Other */,
				E3359F992B8286FB00AD5987 /* Models */,
				E3359F982B8286EF00AD5987 /* ViewModels */,
				E3359F972B8286E400AD5987 /* Views */,
				E3359F682B82814100AD5987 /* Preview Content */,
			);
			path = TodoApp;
			sourceTree = "<group>";
		};
		E3359F682B82814100AD5987 /* Preview Content */ = {
			isa = PBXGroup;
			children = (
				E3359F692B82814100AD5987 /* Preview Assets.xcassets */,
			);
			path = "Preview Content";
			sourceTree = "<group>";
		};
		E3359F722B82814200AD5987 /* TodoAppTests */ = {
			isa = PBXGroup;
			children = (
				E3359F732B82814200AD5987 /* TodoAppTests.swift */,
			);
			path = TodoAppTests;
			sourceTree = "<group>";
		};
		E3359F7C2B82814200AD5987 /* TodoAppUITests */ = {
			isa = PBXGroup;
			children = (
				E3359F7D2B82814200AD5987 /* TodoAppUITests.swift */,
				E3359F7F2B82814200AD5987 /* TodoAppUITestsLaunchTests.swift */,
			);
			path = TodoAppUITests;
			sourceTree = "<group>";
		};
		E3359F972B8286E400AD5987 /* Views */ = {
			isa = PBXGroup;
			children = (
				E3359F642B82814100AD5987 /* MainView.swift */,
				E3359F9B2B828B3800AD5987 /* ProfileView.swift */,
				E3359F9D2B828B4700AD5987 /* RegisterView.swift */,
				E3359F9F2B828B5700AD5987 /* LoginView.swift */,
				E3359FA12B828B6F00AD5987 /* ToDoListView.swift */,
				E3359FA32B828B8800AD5987 /* ToDoListItemView.swift */,
				E3359FA52B828BA000AD5987 /* NewItemView.swift */,
				E3359FB92B82A8F900AD5987 /* HeaderView.swift */,
				E3359FBB2B8DF3E700AD5987 /* TLButton.swift */,
			);
			path = Views;
			sourceTree = "<group>";
		};
		E3359F982B8286EF00AD5987 /* ViewModels */ = {
			isa = PBXGroup;
			children = (
				E3359FAB2B828CF900AD5987 /* MainViewViewModal.swift */,
				E3359FAD2B828D0700AD5987 /* ProfileViewViewModal.swift */,
				E3359FAF2B828D1B00AD5987 /* RegisterViewViewModal.swift */,
				E3359FB12B828D2A00AD5987 /* LoginViewViewModal.swift */,
				E3359FB32B828D4900AD5987 /* ToDoListViewViewModal.swift */,
				E3359FB52B828D6600AD5987 /* ToDoListItemViewViewModal.swift */,
				E3359FB72B828D7B00AD5987 /* NewItemViewViewModal.swift */,
			);
			path = ViewModels;
			sourceTree = "<group>";
		};
		E3359F992B8286FB00AD5987 /* Models */ = {
			isa = PBXGroup;
			children = (
				E3359FA72B828C8400AD5987 /* User.swift */,
				E3359FA92B828C9700AD5987 /* ToDoListItem.swift */,
			);
			path = Models;
			sourceTree = "<group>";
		};
		E3359F9A2B82870600AD5987 /* Other */ = {
			isa = PBXGroup;
			children = (
				E3359F662B82814100AD5987 /* Assets.xcassets */,
				E3359F952B82848E00AD5987 /* GoogleService-Info.plist */,
				E3359F622B82814100AD5987 /* TodoAppApp.swift */,
				E31697A72B8E1C8800739F90 /* Extensions.swift */,
				E31697A92B9137D000739F90 /* Launch Screen.storyboard */,
			);
			path = Other;
			sourceTree = "<group>";
		};
/* End PBXGroup section */

/* Begin PBXNativeTarget section */
		E3359F5E2B82814100AD5987 /* TodoApp */ = {
			isa = PBXNativeTarget;
			buildConfigurationList = E3359F832B82814200AD5987 /* Build configuration list for PBXNativeTarget "TodoApp" */;
			buildPhases = (
				E3359F5B2B82814100AD5987 /* Sources */,
				E3359F5C2B82814100AD5987 /* Frameworks */,
				E3359F5D2B82814100AD5987 /* Resources */,
			);
			buildRules = (
			);
			dependencies = (
			);
			name = TodoApp;
			packageProductDependencies = (
				E3359F8D2B82832000AD5987 /* FirebaseAuth */,
				E3359F8F2B82832000AD5987 /* FirebaseFirestore */,
				E3359F912B82832000AD5987 /* FirebaseFirestoreSwift */,
				E3359F932B82832000AD5987 /* FirebaseStorage */,
			);
			productName = TodoApp;
			productReference = E3359F5F2B82814100AD5987 /* TodoApp.app */;
			productType = "com.apple.product-type.application";
		};
		E3359F6E2B82814200AD5987 /* TodoAppTests */ = {
			isa = PBXNativeTarget;
			buildConfigurationList = E3359F862B82814200AD5987 /* Build configuration list for PBXNativeTarget "TodoAppTests" */;
			buildPhases = (
				E3359F6B2B82814200AD5987 /* Sources */,
				E3359F6C2B82814200AD5987 /* Frameworks */,
				E3359F6D2B82814200AD5987 /* Resources */,
			);
			buildRules = (
			);
			dependencies = (
				E3359F712B82814200AD5987 /* PBXTargetDependency */,
			);
			name = TodoAppTests;
			productName = TodoAppTests;
			productReference = E3359F6F2B82814200AD5987 /* TodoAppTests.xctest */;
			productType = "com.apple.product-type.bundle.unit-test";
		};
		E3359F782B82814200AD5987 /* TodoAppUITests */ = {
			isa = PBXNativeTarget;
			buildConfigurationList = E3359F892B82814200AD5987 /* Build configuration list for PBXNativeTarget "TodoAppUITests" */;
			buildPhases = (
				E3359F752B82814200AD5987 /* Sources */,
				E3359F762B82814200AD5987 /* Frameworks */,
				E3359F772B82814200AD5987 /* Resources */,
			);
			buildRules = (
			);
			dependencies = (
				E3359F7B2B82814200AD5987 /* PBXTargetDependency */,
			);
			name = TodoAppUITests;
			productName = TodoAppUITests;
			productReference = E3359F792B82814200AD5987 /* TodoAppUITests.xctest */;
			productType = "com.apple.product-type.bundle.ui-testing";
		};
/* End PBXNativeTarget section */

/* Begin PBXProject section */
		E3359F572B82814100AD5987 /* Project object */ = {
			isa = PBXProject;
			attributes = {
				BuildIndependentTargetsInParallel = 1;
				LastSwiftUpdateCheck = 1520;
				LastUpgradeCheck = 1520;
				TargetAttributes = {
					E3359F5E2B82814100AD5987 = {
						CreatedOnToolsVersion = 15.2;
					};
					E3359F6E2B82814200AD5987 = {
						CreatedOnToolsVersion = 15.2;
						TestTargetID = E3359F5E2B82814100AD5987;
					};
					E3359F782B82814200AD5987 = {
						CreatedOnToolsVersion = 15.2;
						TestTargetID = E3359F5E2B82814100AD5987;
					};
				};
			};
			buildConfigurationList = E3359F5A2B82814100AD5987 /* Build configuration list for PBXProject "TodoApp" */;
			compatibilityVersion = "Xcode 14.0";
			developmentRegion = en;
			hasScannedForEncodings = 0;
			knownRegions = (
				en,
				Base,
			);
			mainGroup = E3359F562B82814100AD5987;
			packageReferences = (
				E3359F8C2B82827C00AD5987 /* XCRemoteSwiftPackageReference "firebase-ios-sdk" */,
			);
			productRefGroup = E3359F602B82814100AD5987 /* Products */;
			projectDirPath = "";
			projectRoot = "";
			targets = (
				E3359F5E2B82814100AD5987 /* TodoApp */,
				E3359F6E2B82814200AD5987 /* TodoAppTests */,
				E3359F782B82814200AD5987 /* TodoAppUITests */,
			);
		};
/* End PBXProject section */

/* Begin PBXResourcesBuildPhase section */
		E3359F5D2B82814100AD5987 /* Resources */ = {
			isa = PBXResourcesBuildPhase;
			buildActionMask = 2147483647;
			files = (
				E3359F6A2B82814100AD5987 /* Preview Assets.xcassets in Resources */,
				E3359F672B82814100AD5987 /* Assets.xcassets in Resources */,
				E31697AA2B9137D000739F90 /* Launch Screen.storyboard in Resources */,
				E3359F962B82848E00AD5987 /* GoogleService-Info.plist in Resources */,
			);
			runOnlyForDeploymentPostprocessing = 0;
		};
		E3359F6D2B82814200AD5987 /* Resources */ = {
			isa = PBXResourcesBuildPhase;
			buildActionMask = 2147483647;
			files = (
			);
			runOnlyForDeploymentPostprocessing = 0;
		};
		E3359F772B82814200AD5987 /* Resources */ = {
			isa = PBXResourcesBuildPhase;
			buildActionMask = 2147483647;
			files = (
			);
			runOnlyForDeploymentPostprocessing = 0;
		};
/* End PBXResourcesBuildPhase section */

/* Begin PBXSourcesBuildPhase section */
		E3359F5B2B82814100AD5987 /* Sources */ = {
			isa = PBXSourcesBuildPhase;
			buildActionMask = 2147483647;
			files = (
				E3359FAA2B828C9700AD5987 /* ToDoListItem.swift in Sources */,
				E3359FBA2B82A8F900AD5987 /* HeaderView.swift in Sources */,
				E3359FA62B828BA000AD5987 /* NewItemView.swift in Sources */,
				E3359FA22B828B6F00AD5987 /* ToDoListView.swift in Sources */,
				E3359FA42B828B8800AD5987 /* ToDoListItemView.swift in Sources */,
				E3359FB82B828D7B00AD5987 /* NewItemViewViewModal.swift in Sources */,
				E3359FAC2B828CF900AD5987 /* MainViewViewModal.swift in Sources */,
				E3359FBC2B8DF3E700AD5987 /* TLButton.swift in Sources */,
				E3359FB22B828D2A00AD5987 /* LoginViewViewModal.swift in Sources */,
				E3359FAE2B828D0700AD5987 /* ProfileViewViewModal.swift in Sources */,
				E3359F652B82814100AD5987 /* MainView.swift in Sources */,
				E3359FB42B828D4900AD5987 /* ToDoListViewViewModal.swift in Sources */,
				E3359F9E2B828B4700AD5987 /* RegisterView.swift in Sources */,
				E3359FB02B828D1B00AD5987 /* RegisterViewViewModal.swift in Sources */,
				E3359FA82B828C8400AD5987 /* User.swift in Sources */,
				E31697A82B8E1C8800739F90 /* Extensions.swift in Sources */,
				E3359F9C2B828B3800AD5987 /* ProfileView.swift in Sources */,
				E3359FA02B828B5700AD5987 /* LoginView.swift in Sources */,
				E3359FB62B828D6600AD5987 /* ToDoListItemViewViewModal.swift in Sources */,
				E3359F632B82814100AD5987 /* TodoAppApp.swift in Sources */,
			);
			runOnlyForDeploymentPostprocessing = 0;
		};
		E3359F6B2B82814200AD5987 /* Sources */ = {
			isa = PBXSourcesBuildPhase;
			buildActionMask = 2147483647;
			files = (
				E3359F742B82814200AD5987 /* TodoAppTests.swift in Sources */,
			);
			runOnlyForDeploymentPostprocessing = 0;
		};
		E3359F752B82814200AD5987 /* Sources */ = {
			isa = PBXSourcesBuildPhase;
			buildActionMask = 2147483647;
			files = (
				E3359F802B82814200AD5987 /* TodoAppUITestsLaunchTests.swift in Sources */,
				E3359F7E2B82814200AD5987 /* TodoAppUITests.swift in Sources */,
			);
			runOnlyForDeploymentPostprocessing = 0;
		};
/* End PBXSourcesBuildPhase section */

/* Begin PBXTargetDependency section */
		E3359F712B82814200AD5987 /* PBXTargetDependency */ = {
			isa = PBXTargetDependency;
			target = E3359F5E2B82814100AD5987 /* TodoApp */;
			targetProxy = E3359F702B82814200AD5987 /* PBXContainerItemProxy */;
		};
		E3359F7B2B82814200AD5987 /* PBXTargetDependency */ = {
			isa = PBXTargetDependency;
			target = E3359F5E2B82814100AD5987 /* TodoApp */;
			targetProxy = E3359F7A2B82814200AD5987 /* PBXContainerItemProxy */;
		};
/* End PBXTargetDependency section */

/* Begin XCBuildConfiguration section */
		E3359F812B82814200AD5987 /* Debug */ = {
			isa = XCBuildConfiguration;
			buildSettings = {
				ALWAYS_SEARCH_USER_PATHS = NO;
				ASSETCATALOG_COMPILER_GENERATE_SWIFT_ASSET_SYMBOL_EXTENSIONS = YES;
				CLANG_ANALYZER_NONNULL = YES;
				CLANG_ANALYZER_NUMBER_OBJECT_CONVERSION = YES_AGGRESSIVE;
				CLANG_CXX_LANGUAGE_STANDARD = "gnu++20";
				CLANG_ENABLE_MODULES = YES;
				CLANG_ENABLE_OBJC_ARC = YES;
				CLANG_ENABLE_OBJC_WEAK = YES;
				CLANG_WARN_BLOCK_CAPTURE_AUTORELEASING = YES;
				CLANG_WARN_BOOL_CONVERSION = YES;
				CLANG_WARN_COMMA = YES;
				CLANG_WARN_CONSTANT_CONVERSION = YES;
				CLANG_WARN_DEPRECATED_OBJC_IMPLEMENTATIONS = YES;
				CLANG_WARN_DIRECT_OBJC_ISA_USAGE = YES_ERROR;
				CLANG_WARN_DOCUMENTATION_COMMENTS = YES;
				CLANG_WARN_EMPTY_BODY = YES;
				CLANG_WARN_ENUM_CONVERSION = YES;
				CLANG_WARN_INFINITE_RECURSION = YES;
				CLANG_WARN_INT_CONVERSION = YES;
				CLANG_WARN_NON_LITERAL_NULL_CONVERSION = YES;
				CLANG_WARN_OBJC_IMPLICIT_RETAIN_SELF = YES;
				CLANG_WARN_OBJC_LITERAL_CONVERSION = YES;
				CLANG_WARN_OBJC_ROOT_CLASS = YES_ERROR;
				CLANG_WARN_QUOTED_INCLUDE_IN_FRAMEWORK_HEADER = YES;
				CLANG_WARN_RANGE_LOOP_ANALYSIS = YES;
				CLANG_WARN_STRICT_PROTOTYPES = YES;
				CLANG_WARN_SUSPICIOUS_MOVE = YES;
				CLANG_WARN_UNGUARDED_AVAILABILITY = YES_AGGRESSIVE;
				CLANG_WARN_UNREACHABLE_CODE = YES;
				CLANG_WARN__DUPLICATE_METHOD_MATCH = YES;
				COPY_PHASE_STRIP = NO;
				DEBUG_INFORMATION_FORMAT = dwarf;
				ENABLE_STRICT_OBJC_MSGSEND = YES;
				ENABLE_TESTABILITY = YES;
				ENABLE_USER_SCRIPT_SANDBOXING = YES;
				GCC_C_LANGUAGE_STANDARD = gnu17;
				GCC_DYNAMIC_NO_PIC = NO;
				GCC_NO_COMMON_BLOCKS = YES;
				GCC_OPTIMIZATION_LEVEL = 0;
				GCC_PREPROCESSOR_DEFINITIONS = (
					"DEBUG=1",
					"$(inherited)",
				);
				GCC_WARN_64_TO_32_BIT_CONVERSION = YES;
				GCC_WARN_ABOUT_RETURN_TYPE = YES_ERROR;
				GCC_WARN_UNDECLARED_SELECTOR = YES;
				GCC_WARN_UNINITIALIZED_AUTOS = YES_AGGRESSIVE;
				GCC_WARN_UNUSED_FUNCTION = YES;
				GCC_WARN_UNUSED_VARIABLE = YES;
				IPHONEOS_DEPLOYMENT_TARGET = 17.2;
				LOCALIZATION_PREFERS_STRING_CATALOGS = YES;
				MTL_ENABLE_DEBUG_INFO = INCLUDE_SOURCE;
				MTL_FAST_MATH = YES;
				ONLY_ACTIVE_ARCH = YES;
				SDKROOT = iphoneos;
				SWIFT_ACTIVE_COMPILATION_CONDITIONS = "DEBUG $(inherited)";
				SWIFT_OPTIMIZATION_LEVEL = "-Onone";
			};
			name = Debug;
		};
		E3359F822B82814200AD5987 /* Release */ = {
			isa = XCBuildConfiguration;
			buildSettings = {
				ALWAYS_SEARCH_USER_PATHS = NO;
				ASSETCATALOG_COMPILER_GENERATE_SWIFT_ASSET_SYMBOL_EXTENSIONS = YES;
				CLANG_ANALYZER_NONNULL = YES;
				CLANG_ANALYZER_NUMBER_OBJECT_CONVERSION = YES_AGGRESSIVE;
				CLANG_CXX_LANGUAGE_STANDARD = "gnu++20";
				CLANG_ENABLE_MODULES = YES;
				CLANG_ENABLE_OBJC_ARC = YES;
				CLANG_ENABLE_OBJC_WEAK = YES;
				CLANG_WARN_BLOCK_CAPTURE_AUTORELEASING = YES;
				CLANG_WARN_BOOL_CONVERSION = YES;
				CLANG_WARN_COMMA = YES;
				CLANG_WARN_CONSTANT_CONVERSION = YES;
				CLANG_WARN_DEPRECATED_OBJC_IMPLEMENTATIONS = YES;
				CLANG_WARN_DIRECT_OBJC_ISA_USAGE = YES_ERROR;
				CLANG_WARN_DOCUMENTATION_COMMENTS = YES;
				CLANG_WARN_EMPTY_BODY = YES;
				CLANG_WARN_ENUM_CONVERSION = YES;
				CLANG_WARN_INFINITE_RECURSION = YES;
				CLANG_WARN_INT_CONVERSION = YES;
				CLANG_WARN_NON_LITERAL_NULL_CONVERSION = YES;
				CLANG_WARN_OBJC_IMPLICIT_RETAIN_SELF = YES;
				CLANG_WARN_OBJC_LITERAL_CONVERSION = YES;
				CLANG_WARN_OBJC_ROOT_CLASS = YES_ERROR;
				CLANG_WARN_QUOTED_INCLUDE_IN_FRAMEWORK_HEADER = YES;
				CLANG_WARN_RANGE_LOOP_ANALYSIS = YES;
				CLANG_WARN_STRICT_PROTOTYPES = YES;
				CLANG_WARN_SUSPICIOUS_MOVE = YES;
				CLANG_WARN_UNGUARDED_AVAILABILITY = YES_AGGRESSIVE;
				CLANG_WARN_UNREACHABLE_CODE = YES;
				CLANG_WARN__DUPLICATE_METHOD_MATCH = YES;
				COPY_PHASE_STRIP = NO;
				DEBUG_INFORMATION_FORMAT = "dwarf-with-dsym";
				ENABLE_NS_ASSERTIONS = NO;
				ENABLE_STRICT_OBJC_MSGSEND = YES;
				ENABLE_USER_SCRIPT_SANDBOXING = YES;
				GCC_C_LANGUAGE_STANDARD = gnu17;
				GCC_NO_COMMON_BLOCKS = YES;
				GCC_WARN_64_TO_32_BIT_CONVERSION = YES;
				GCC_WARN_ABOUT_RETURN_TYPE = YES_ERROR;
				GCC_WARN_UNDECLARED_SELECTOR = YES;
				GCC_WARN_UNINITIALIZED_AUTOS = YES_AGGRESSIVE;
				GCC_WARN_UNUSED_FUNCTION = YES;
				GCC_WARN_UNUSED_VARIABLE = YES;
				IPHONEOS_DEPLOYMENT_TARGET = 17.2;
				LOCALIZATION_PREFERS_STRING_CATALOGS = YES;
				MTL_ENABLE_DEBUG_INFO = NO;
				MTL_FAST_MATH = YES;
				SDKROOT = iphoneos;
				SWIFT_COMPILATION_MODE = wholemodule;
				VALIDATE_PRODUCT = YES;
			};
			name = Release;
		};
		E3359F842B82814200AD5987 /* Debug */ = {
			isa = XCBuildConfiguration;
			buildSettings = {
				ASSETCATALOG_COMPILER_APPICON_NAME = AppIcon;
				ASSETCATALOG_COMPILER_GLOBAL_ACCENT_COLOR_NAME = AccentColor;
				CODE_SIGN_STYLE = Automatic;
				CURRENT_PROJECT_VERSION = 1;
				DEVELOPMENT_ASSET_PATHS = "\"TodoApp/Preview Content\"";
				ENABLE_PREVIEWS = YES;
				GENERATE_INFOPLIST_FILE = YES;
				INFOPLIST_KEY_CFBundleDisplayName = "ToDo App";
				INFOPLIST_KEY_UIApplicationSceneManifest_Generation = YES;
				INFOPLIST_KEY_UIApplicationSupportsIndirectInputEvents = YES;
				INFOPLIST_KEY_UILaunchScreen_Generation = YES;
				INFOPLIST_KEY_UILaunchStoryboardName = "Launch Screen.storyboard";
				INFOPLIST_KEY_UISupportedInterfaceOrientations = UIInterfaceOrientationPortrait;
				LD_RUNPATH_SEARCH_PATHS = (
					"$(inherited)",
					"@executable_path/Frameworks",
				);
				MARKETING_VERSION = 1.0;
				PRODUCT_BUNDLE_IDENTIFIER = com.TodoApp;
				PRODUCT_NAME = "$(TARGET_NAME)";
				SWIFT_EMIT_LOC_STRINGS = YES;
				SWIFT_VERSION = 5.0;
				TARGETED_DEVICE_FAMILY = "1,2";
			};
			name = Debug;
		};
		E3359F852B82814200AD5987 /* Release */ = {
			isa = XCBuildConfiguration;
			buildSettings = {
				ASSETCATALOG_COMPILER_APPICON_NAME = AppIcon;
				ASSETCATALOG_COMPILER_GLOBAL_ACCENT_COLOR_NAME = AccentColor;
				CODE_SIGN_STYLE = Automatic;
				CURRENT_PROJECT_VERSION = 1;
				DEVELOPMENT_ASSET_PATHS = "\"TodoApp/Preview Content\"";
				ENABLE_PREVIEWS = YES;
				GENERATE_INFOPLIST_FILE = YES;
				INFOPLIST_KEY_CFBundleDisplayName = "ToDo App";
				INFOPLIST_KEY_UIApplicationSceneManifest_Generation = YES;
				INFOPLIST_KEY_UIApplicationSupportsIndirectInputEvents = YES;
				INFOPLIST_KEY_UILaunchScreen_Generation = YES;
				INFOPLIST_KEY_UILaunchStoryboardName = "Launch Screen.storyboard";
				INFOPLIST_KEY_UISupportedInterfaceOrientations = UIInterfaceOrientationPortrait;
				LD_RUNPATH_SEARCH_PATHS = (
					"$(inherited)",
					"@executable_path/Frameworks",
				);
				MARKETING_VERSION = 1.0;
				PRODUCT_BUNDLE_IDENTIFIER = com.TodoApp;
				PRODUCT_NAME = "$(TARGET_NAME)";
				SWIFT_EMIT_LOC_STRINGS = YES;
				SWIFT_VERSION = 5.0;
				TARGETED_DEVICE_FAMILY = "1,2";
			};
			name = Release;
		};
		E3359F872B82814200AD5987 /* Debug */ = {
			isa = XCBuildConfiguration;
			buildSettings = {
				ALWAYS_EMBED_SWIFT_STANDARD_LIBRARIES = YES;
				BUNDLE_LOADER = "$(TEST_HOST)";
				CODE_SIGN_STYLE = Automatic;
				CURRENT_PROJECT_VERSION = 1;
				GENERATE_INFOPLIST_FILE = YES;
				IPHONEOS_DEPLOYMENT_TARGET = 17.2;
				MARKETING_VERSION = 1.0;
				PRODUCT_BUNDLE_IDENTIFIER = com.TodoAppTests;
				PRODUCT_NAME = "$(TARGET_NAME)";
				SWIFT_EMIT_LOC_STRINGS = NO;
				SWIFT_VERSION = 5.0;
				TARGETED_DEVICE_FAMILY = "1,2";
				TEST_HOST = "$(BUILT_PRODUCTS_DIR)/TodoApp.app/$(BUNDLE_EXECUTABLE_FOLDER_PATH)/TodoApp";
			};
			name = Debug;
		};
		E3359F882B82814200AD5987 /* Release */ = {
			isa = XCBuildConfiguration;
			buildSettings = {
				ALWAYS_EMBED_SWIFT_STANDARD_LIBRARIES = YES;
				BUNDLE_LOADER = "$(TEST_HOST)";
				CODE_SIGN_STYLE = Automatic;
				CURRENT_PROJECT_VERSION = 1;
				GENERATE_INFOPLIST_FILE = YES;
				IPHONEOS_DEPLOYMENT_TARGET = 17.2;
				MARKETING_VERSION = 1.0;
				PRODUCT_BUNDLE_IDENTIFIER = com.TodoAppTests;
				PRODUCT_NAME = "$(TARGET_NAME)";
				SWIFT_EMIT_LOC_STRINGS = NO;
				SWIFT_VERSION = 5.0;
				TARGETED_DEVICE_FAMILY = "1,2";
				TEST_HOST = "$(BUILT_PRODUCTS_DIR)/TodoApp.app/$(BUNDLE_EXECUTABLE_FOLDER_PATH)/TodoApp";
			};
			name = Release;
		};
		E3359F8A2B82814200AD5987 /* Debug */ = {
			isa = XCBuildConfiguration;
			buildSettings = {
				ALWAYS_EMBED_SWIFT_STANDARD_LIBRARIES = YES;
				CODE_SIGN_STYLE = Automatic;
				CURRENT_PROJECT_VERSION = 1;
				GENERATE_INFOPLIST_FILE = YES;
				MARKETING_VERSION = 1.0;
				PRODUCT_BUNDLE_IDENTIFIER = com.TodoAppUITests;
				PRODUCT_NAME = "$(TARGET_NAME)";
				SWIFT_EMIT_LOC_STRINGS = NO;
				SWIFT_VERSION = 5.0;
				TARGETED_DEVICE_FAMILY = "1,2";
				TEST_TARGET_NAME = TodoApp;
			};
			name = Debug;
		};
		E3359F8B2B82814200AD5987 /* Release */ = {
			isa = XCBuildConfiguration;
			buildSettings = {
				ALWAYS_EMBED_SWIFT_STANDARD_LIBRARIES = YES;
				CODE_SIGN_STYLE = Automatic;
				CURRENT_PROJECT_VERSION = 1;
				GENERATE_INFOPLIST_FILE = YES;
				MARKETING_VERSION = 1.0;
				PRODUCT_BUNDLE_IDENTIFIER = com.TodoAppUITests;
				PRODUCT_NAME = "$(TARGET_NAME)";
				SWIFT_EMIT_LOC_STRINGS = NO;
				SWIFT_VERSION = 5.0;
				TARGETED_DEVICE_FAMILY = "1,2";
				TEST_TARGET_NAME = TodoApp;
			};
			name = Release;
		};
/* End XCBuildConfiguration section */

/* Begin XCConfigurationList section */
		E3359F5A2B82814100AD5987 /* Build configuration list for PBXProject "TodoApp" */ = {
			isa = XCConfigurationList;
			buildConfigurations = (
				E3359F812B82814200AD5987 /* Debug */,
				E3359F822B82814200AD5987 /* Release */,
			);
			defaultConfigurationIsVisible = 0;
			defaultConfigurationName = Release;
		};
		E3359F832B82814200AD5987 /* Build configuration list for PBXNativeTarget "TodoApp" */ = {
			isa = XCConfigurationList;
			buildConfigurations = (
				E3359F842B82814200AD5987 /* Debug */,
				E3359F852B82814200AD5987 /* Release */,
			);
			defaultConfigurationIsVisible = 0;
			defaultConfigurationName = Release;
		};
		E3359F862B82814200AD5987 /* Build configuration list for PBXNativeTarget "TodoAppTests" */ = {
			isa = XCConfigurationList;
			buildConfigurations = (
				E3359F872B82814200AD5987 /* Debug */,
				E3359F882B82814200AD5987 /* Release */,
			);
			defaultConfigurationIsVisible = 0;
			defaultConfigurationName = Release;
		};
		E3359F892B82814200AD5987 /* Build configuration list for PBXNativeTarget "TodoAppUITests" */ = {
			isa = XCConfigurationList;
			buildConfigurations = (
				E3359F8A2B82814200AD5987 /* Debug */,
				E3359F8B2B82814200AD5987 /* Release */,
			);
			defaultConfigurationIsVisible = 0;
			defaultConfigurationName = Release;
		};
/* End XCConfigurationList section */

/* Begin XCRemoteSwiftPackageReference section */
		E3359F8C2B82827C00AD5987 /* XCRemoteSwiftPackageReference "firebase-ios-sdk" */ = {
			isa = XCRemoteSwiftPackageReference;
			repositoryURL = "https://github.com/firebase/firebase-ios-sdk.git";
			requirement = {
				kind = upToNextMajorVersion;
				minimumVersion = 10.21.0;
			};
		};
/* End XCRemoteSwiftPackageReference section */

/* Begin XCSwiftPackageProductDependency section */
		E3359F8D2B82832000AD5987 /* FirebaseAuth */ = {
			isa = XCSwiftPackageProductDependency;
			package = E3359F8C2B82827C00AD5987 /* XCRemoteSwiftPackageReference "firebase-ios-sdk" */;
			productName = FirebaseAuth;
		};
		E3359F8F2B82832000AD5987 /* FirebaseFirestore */ = {
			isa = XCSwiftPackageProductDependency;
			package = E3359F8C2B82827C00AD5987 /* XCRemoteSwiftPackageReference "firebase-ios-sdk" */;
			productName = FirebaseFirestore;
		};
		E3359F912B82832000AD5987 /* FirebaseFirestoreSwift */ = {
			isa = XCSwiftPackageProductDependency;
			package = E3359F8C2B82827C00AD5987 /* XCRemoteSwiftPackageReference "firebase-ios-sdk" */;
			productName = FirebaseFirestoreSwift;
		};
		E3359F932B82832000AD5987 /* FirebaseStorage */ = {
			isa = XCSwiftPackageProductDependency;
			package = E3359F8C2B82827C00AD5987 /* XCRemoteSwiftPackageReference "firebase-ios-sdk" */;
			productName = FirebaseStorage;
		};
/* End XCSwiftPackageProductDependency section */
	};
	rootObject = E3359F572B82814100AD5987 /* Project object */;
}
